// !$*UTF8*$!
{
	archiveVersion = 1;
	classes = {
	};
	objectVersion = 55;
	objects = {

/* Begin PBXBuildFile section */
		DE7D428927D9388800BD1A30 /* Map.swift in Sources */ = {isa = PBXBuildFile; fileRef = DE7D428827D9388800BD1A30 /* Map.swift */; };
		DE7D428B27D9402200BD1A30 /* World.swift in Sources */ = {isa = PBXBuildFile; fileRef = DE7D428A27D9402200BD1A30 /* World.swift */; };
		DE7D428D27D942F000BD1A30 /* MSEntity.swift in Sources */ = {isa = PBXBuildFile; fileRef = DE7D428C27D942F000BD1A30 /* MSEntity.swift */; };
		DE8A336727EF2165004FC576 /* AI_SimplePatrolComponent.swift in Sources */ = {isa = PBXBuildFile; fileRef = DE8A336627EF2165004FC576 /* AI_SimplePatrolComponent.swift */; };
		DE8A336927EF22FD004FC576 /* Heading.swift in Sources */ = {isa = PBXBuildFile; fileRef = DE8A336827EF22FD004FC576 /* Heading.swift */; };
		DE8DDA1527DF8EB200D4E92B /* WorldUpdateable.swift in Sources */ = {isa = PBXBuildFile; fileRef = DE8DDA1427DF8EB200D4E92B /* WorldUpdateable.swift */; };
		DE8DDA1727DF8EED00D4E92B /* VisibilityComponent.swift in Sources */ = {isa = PBXBuildFile; fileRef = DE8DDA1627DF8EED00D4E92B /* VisibilityComponent.swift */; };
		DEDD86A627ABDF3E00BB2AB6 /* Vector.swift in Sources */ = {isa = PBXBuildFile; fileRef = DEDD86A527ABDF3E00BB2AB6 /* Vector.swift */; };
		DEF9A009279A9F94009F0244 /* AppDelegate.swift in Sources */ = {isa = PBXBuildFile; fileRef = DEF9A008279A9F94009F0244 /* AppDelegate.swift */; };
		DEF9A00F279A9F94009F0244 /* GameScene.swift in Sources */ = {isa = PBXBuildFile; fileRef = DEF9A00E279A9F94009F0244 /* GameScene.swift */; };
		DEF9A011279A9F94009F0244 /* ViewController.swift in Sources */ = {isa = PBXBuildFile; fileRef = DEF9A010279A9F94009F0244 /* ViewController.swift */; };
		DEF9A013279A9F96009F0244 /* Assets.xcassets in Resources */ = {isa = PBXBuildFile; fileRef = DEF9A012279A9F96009F0244 /* Assets.xcassets */; };
		DEF9A016279A9F96009F0244 /* Main.storyboard in Resources */ = {isa = PBXBuildFile; fileRef = DEF9A014279A9F96009F0244 /* Main.storyboard */; };
		DEF9A021279A9F96009F0244 /* MiniStealthTests.swift in Sources */ = {isa = PBXBuildFile; fileRef = DEF9A020279A9F96009F0244 /* MiniStealthTests.swift */; };
		DEF9A02B279A9F96009F0244 /* MiniStealthUITests.swift in Sources */ = {isa = PBXBuildFile; fileRef = DEF9A02A279A9F96009F0244 /* MiniStealthUITests.swift */; };
		DEF9A02D279A9F96009F0244 /* MiniStealthUITestsLaunchTests.swift in Sources */ = {isa = PBXBuildFile; fileRef = DEF9A02C279A9F96009F0244 /* MiniStealthUITestsLaunchTests.swift */; };
		DEF9A03A279AA0E5009F0244 /* SKonsole.swift in Sources */ = {isa = PBXBuildFile; fileRef = DEF9A039279AA0E5009F0244 /* SKonsole.swift */; };
/* End PBXBuildFile section */

/* Begin PBXContainerItemProxy section */
		DEF9A01D279A9F96009F0244 /* PBXContainerItemProxy */ = {
			isa = PBXContainerItemProxy;
			containerPortal = DEF99FFD279A9F94009F0244 /* Project object */;
			proxyType = 1;
			remoteGlobalIDString = DEF9A004279A9F94009F0244;
			remoteInfo = MiniStealth;
		};
		DEF9A027279A9F96009F0244 /* PBXContainerItemProxy */ = {
			isa = PBXContainerItemProxy;
			containerPortal = DEF99FFD279A9F94009F0244 /* Project object */;
			proxyType = 1;
			remoteGlobalIDString = DEF9A004279A9F94009F0244;
			remoteInfo = MiniStealth;
		};
/* End PBXContainerItemProxy section */

/* Begin PBXFileReference section */
		DE7D428827D9388800BD1A30 /* Map.swift */ = {isa = PBXFileReference; lastKnownFileType = sourcecode.swift; path = Map.swift; sourceTree = "<group>"; };
		DE7D428A27D9402200BD1A30 /* World.swift */ = {isa = PBXFileReference; lastKnownFileType = sourcecode.swift; path = World.swift; sourceTree = "<group>"; };
		DE7D428C27D942F000BD1A30 /* MSEntity.swift */ = {isa = PBXFileReference; lastKnownFileType = sourcecode.swift; path = MSEntity.swift; sourceTree = "<group>"; };
		DE8A336627EF2165004FC576 /* AI_SimplePatrolComponent.swift */ = {isa = PBXFileReference; lastKnownFileType = sourcecode.swift; path = AI_SimplePatrolComponent.swift; sourceTree = "<group>"; };
		DE8A336827EF22FD004FC576 /* Heading.swift */ = {isa = PBXFileReference; lastKnownFileType = sourcecode.swift; path = Heading.swift; sourceTree = "<group>"; };
		DE8DDA1427DF8EB200D4E92B /* WorldUpdateable.swift */ = {isa = PBXFileReference; lastKnownFileType = sourcecode.swift; path = WorldUpdateable.swift; sourceTree = "<group>"; };
		DE8DDA1627DF8EED00D4E92B /* VisibilityComponent.swift */ = {isa = PBXFileReference; lastKnownFileType = sourcecode.swift; path = VisibilityComponent.swift; sourceTree = "<group>"; };
		DEDD86A527ABDF3E00BB2AB6 /* Vector.swift */ = {isa = PBXFileReference; fileEncoding = 4; lastKnownFileType = sourcecode.swift; path = Vector.swift; sourceTree = "<group>"; };
		DEF9A005279A9F94009F0244 /* MiniStealth.app */ = {isa = PBXFileReference; explicitFileType = wrapper.application; includeInIndex = 0; path = MiniStealth.app; sourceTree = BUILT_PRODUCTS_DIR; };
		DEF9A008279A9F94009F0244 /* AppDelegate.swift */ = {isa = PBXFileReference; lastKnownFileType = sourcecode.swift; path = AppDelegate.swift; sourceTree = "<group>"; };
		DEF9A00E279A9F94009F0244 /* GameScene.swift */ = {isa = PBXFileReference; lastKnownFileType = sourcecode.swift; path = GameScene.swift; sourceTree = "<group>"; };
		DEF9A010279A9F94009F0244 /* ViewController.swift */ = {isa = PBXFileReference; lastKnownFileType = sourcecode.swift; path = ViewController.swift; sourceTree = "<group>"; };
		DEF9A012279A9F96009F0244 /* Assets.xcassets */ = {isa = PBXFileReference; lastKnownFileType = folder.assetcatalog; path = Assets.xcassets; sourceTree = "<group>"; };
		DEF9A015279A9F96009F0244 /* Base */ = {isa = PBXFileReference; lastKnownFileType = file.storyboard; name = Base; path = Base.lproj/Main.storyboard; sourceTree = "<group>"; };
		DEF9A017279A9F96009F0244 /* MiniStealth.entitlements */ = {isa = PBXFileReference; lastKnownFileType = text.plist.entitlements; path = MiniStealth.entitlements; sourceTree = "<group>"; };
		DEF9A01C279A9F96009F0244 /* MiniStealthTests.xctest */ = {isa = PBXFileReference; explicitFileType = wrapper.cfbundle; includeInIndex = 0; path = MiniStealthTests.xctest; sourceTree = BUILT_PRODUCTS_DIR; };
		DEF9A020279A9F96009F0244 /* MiniStealthTests.swift */ = {isa = PBXFileReference; lastKnownFileType = sourcecode.swift; path = MiniStealthTests.swift; sourceTree = "<group>"; };
		DEF9A026279A9F96009F0244 /* MiniStealthUITests.xctest */ = {isa = PBXFileReference; explicitFileType = wrapper.cfbundle; includeInIndex = 0; path = MiniStealthUITests.xctest; sourceTree = BUILT_PRODUCTS_DIR; };
		DEF9A02A279A9F96009F0244 /* MiniStealthUITests.swift */ = {isa = PBXFileReference; lastKnownFileType = sourcecode.swift; path = MiniStealthUITests.swift; sourceTree = "<group>"; };
		DEF9A02C279A9F96009F0244 /* MiniStealthUITestsLaunchTests.swift */ = {isa = PBXFileReference; lastKnownFileType = sourcecode.swift; path = MiniStealthUITestsLaunchTests.swift; sourceTree = "<group>"; };
		DEF9A039279AA0E5009F0244 /* SKonsole.swift */ = {isa = PBXFileReference; lastKnownFileType = sourcecode.swift; path = SKonsole.swift; sourceTree = "<group>"; };
/* End PBXFileReference section */

/* Begin PBXFrameworksBuildPhase section */
		DEF9A002279A9F94009F0244 /* Frameworks */ = {
			isa = PBXFrameworksBuildPhase;
			buildActionMask = 2147483647;
			files = (
			);
			runOnlyForDeploymentPostprocessing = 0;
		};
		DEF9A019279A9F96009F0244 /* Frameworks */ = {
			isa = PBXFrameworksBuildPhase;
			buildActionMask = 2147483647;
			files = (
			);
			runOnlyForDeploymentPostprocessing = 0;
		};
		DEF9A023279A9F96009F0244 /* Frameworks */ = {
			isa = PBXFrameworksBuildPhase;
			buildActionMask = 2147483647;
			files = (
			);
			runOnlyForDeploymentPostprocessing = 0;
		};
/* End PBXFrameworksBuildPhase section */

/* Begin PBXGroup section */
		DE7D428727D9384100BD1A30 /* Model */ = {
			isa = PBXGroup;
			children = (
				DE8DDA1427DF8EB200D4E92B /* WorldUpdateable.swift */,
				DE8DDA1327DF8E9A00D4E92B /* Components */,
				DE7D428827D9388800BD1A30 /* Map.swift */,
				DE7D428A27D9402200BD1A30 /* World.swift */,
				DE7D428C27D942F000BD1A30 /* MSEntity.swift */,
				DE8A336827EF22FD004FC576 /* Heading.swift */,
			);
			path = Model;
			sourceTree = "<group>";
		};
		DE8DDA1327DF8E9A00D4E92B /* Components */ = {
			isa = PBXGroup;
			children = (
				DE8DDA1627DF8EED00D4E92B /* VisibilityComponent.swift */,
				DE8A336627EF2165004FC576 /* AI_SimplePatrolComponent.swift */,
			);
			path = Components;
			sourceTree = "<group>";
		};
		DEF99FFC279A9F94009F0244 = {
			isa = PBXGroup;
			children = (
				DEF9A007279A9F94009F0244 /* MiniStealth */,
				DEF9A01F279A9F96009F0244 /* MiniStealthTests */,
				DEF9A029279A9F96009F0244 /* MiniStealthUITests */,
				DEF9A006279A9F94009F0244 /* Products */,
			);
			sourceTree = "<group>";
		};
		DEF9A006279A9F94009F0244 /* Products */ = {
			isa = PBXGroup;
			children = (
				DEF9A005279A9F94009F0244 /* MiniStealth.app */,
				DEF9A01C279A9F96009F0244 /* MiniStealthTests.xctest */,
				DEF9A026279A9F96009F0244 /* MiniStealthUITests.xctest */,
			);
			name = Products;
			sourceTree = "<group>";
		};
		DEF9A007279A9F94009F0244 /* MiniStealth */ = {
			isa = PBXGroup;
			children = (
				DE7D428727D9384100BD1A30 /* Model */,
				DEF9A008279A9F94009F0244 /* AppDelegate.swift */,
				DEF9A00E279A9F94009F0244 /* GameScene.swift */,
				DEF9A010279A9F94009F0244 /* ViewController.swift */,
				DEF9A012279A9F96009F0244 /* Assets.xcassets */,
				DEF9A014279A9F96009F0244 /* Main.storyboard */,
				DEF9A017279A9F96009F0244 /* MiniStealth.entitlements */,
				DEDD86A527ABDF3E00BB2AB6 /* Vector.swift */,
				DEF9A039279AA0E5009F0244 /* SKonsole.swift */,
			);
			path = MiniStealth;
			sourceTree = "<group>";
		};
		DEF9A01F279A9F96009F0244 /* MiniStealthTests */ = {
			isa = PBXGroup;
			children = (
				DEF9A020279A9F96009F0244 /* MiniStealthTests.swift */,
			);
			path = MiniStealthTests;
			sourceTree = "<group>";
		};
		DEF9A029279A9F96009F0244 /* MiniStealthUITests */ = {
			isa = PBXGroup;
			children = (
				DEF9A02A279A9F96009F0244 /* MiniStealthUITests.swift */,
				DEF9A02C279A9F96009F0244 /* MiniStealthUITestsLaunchTests.swift */,
			);
			path = MiniStealthUITests;
			sourceTree = "<group>";
		};
/* End PBXGroup section */

/* Begin PBXNativeTarget section */
		DEF9A004279A9F94009F0244 /* MiniStealth */ = {
			isa = PBXNativeTarget;
			buildConfigurationList = DEF9A030279A9F96009F0244 /* Build configuration list for PBXNativeTarget "MiniStealth" */;
			buildPhases = (
				DEF9A001279A9F94009F0244 /* Sources */,
				DEF9A002279A9F94009F0244 /* Frameworks */,
				DEF9A003279A9F94009F0244 /* Resources */,
			);
			buildRules = (
			);
			dependencies = (
			);
			name = MiniStealth;
			productName = MiniStealth;
			productReference = DEF9A005279A9F94009F0244 /* MiniStealth.app */;
			productType = "com.apple.product-type.application";
		};
		DEF9A01B279A9F96009F0244 /* MiniStealthTests */ = {
			isa = PBXNativeTarget;
			buildConfigurationList = DEF9A033279A9F96009F0244 /* Build configuration list for PBXNativeTarget "MiniStealthTests" */;
			buildPhases = (
				DEF9A018279A9F96009F0244 /* Sources */,
				DEF9A019279A9F96009F0244 /* Frameworks */,
				DEF9A01A279A9F96009F0244 /* Resources */,
			);
			buildRules = (
			);
			dependencies = (
				DEF9A01E279A9F96009F0244 /* PBXTargetDependency */,
			);
			name = MiniStealthTests;
			productName = MiniStealthTests;
			productReference = DEF9A01C279A9F96009F0244 /* MiniStealthTests.xctest */;
			productType = "com.apple.product-type.bundle.unit-test";
		};
		DEF9A025279A9F96009F0244 /* MiniStealthUITests */ = {
			isa = PBXNativeTarget;
			buildConfigurationList = DEF9A036279A9F96009F0244 /* Build configuration list for PBXNativeTarget "MiniStealthUITests" */;
			buildPhases = (
				DEF9A022279A9F96009F0244 /* Sources */,
				DEF9A023279A9F96009F0244 /* Frameworks */,
				DEF9A024279A9F96009F0244 /* Resources */,
			);
			buildRules = (
			);
			dependencies = (
				DEF9A028279A9F96009F0244 /* PBXTargetDependency */,
			);
			name = MiniStealthUITests;
			productName = MiniStealthUITests;
			productReference = DEF9A026279A9F96009F0244 /* MiniStealthUITests.xctest */;
			productType = "com.apple.product-type.bundle.ui-testing";
		};
/* End PBXNativeTarget section */

/* Begin PBXProject section */
		DEF99FFD279A9F94009F0244 /* Project object */ = {
			isa = PBXProject;
			attributes = {
				BuildIndependentTargetsInParallel = 1;
				LastSwiftUpdateCheck = 1320;
				LastUpgradeCheck = 1320;
				TargetAttributes = {
					DEF9A004279A9F94009F0244 = {
						CreatedOnToolsVersion = 13.2.1;
					};
					DEF9A01B279A9F96009F0244 = {
						CreatedOnToolsVersion = 13.2.1;
						TestTargetID = DEF9A004279A9F94009F0244;
					};
					DEF9A025279A9F96009F0244 = {
						CreatedOnToolsVersion = 13.2.1;
						TestTargetID = DEF9A004279A9F94009F0244;
					};
				};
			};
			buildConfigurationList = DEF9A000279A9F94009F0244 /* Build configuration list for PBXProject "MiniStealth" */;
			compatibilityVersion = "Xcode 13.0";
			developmentRegion = en;
			hasScannedForEncodings = 0;
			knownRegions = (
				en,
				Base,
			);
			mainGroup = DEF99FFC279A9F94009F0244;
			productRefGroup = DEF9A006279A9F94009F0244 /* Products */;
			projectDirPath = "";
			projectRoot = "";
			targets = (
				DEF9A004279A9F94009F0244 /* MiniStealth */,
				DEF9A01B279A9F96009F0244 /* MiniStealthTests */,
				DEF9A025279A9F96009F0244 /* MiniStealthUITests */,
			);
		};
/* End PBXProject section */

/* Begin PBXResourcesBuildPhase section */
		DEF9A003279A9F94009F0244 /* Resources */ = {
			isa = PBXResourcesBuildPhase;
			buildActionMask = 2147483647;
			files = (
				DEF9A013279A9F96009F0244 /* Assets.xcassets in Resources */,
				DEF9A016279A9F96009F0244 /* Main.storyboard in Resources */,
			);
			runOnlyForDeploymentPostprocessing = 0;
		};
		DEF9A01A279A9F96009F0244 /* Resources */ = {
			isa = PBXResourcesBuildPhase;
			buildActionMask = 2147483647;
			files = (
			);
			runOnlyForDeploymentPostprocessing = 0;
		};
		DEF9A024279A9F96009F0244 /* Resources */ = {
			isa = PBXResourcesBuildPhase;
			buildActionMask = 2147483647;
			files = (
			);
			runOnlyForDeploymentPostprocessing = 0;
		};
/* End PBXResourcesBuildPhase section */

/* Begin PBXSourcesBuildPhase section */
		DEF9A001279A9F94009F0244 /* Sources */ = {
			isa = PBXSourcesBuildPhase;
			buildActionMask = 2147483647;
			files = (
				DE8A336927EF22FD004FC576 /* Heading.swift in Sources */,
				DE8A336727EF2165004FC576 /* AI_SimplePatrolComponent.swift in Sources */,
				DEF9A011279A9F94009F0244 /* ViewController.swift in Sources */,
				DE8DDA1727DF8EED00D4E92B /* VisibilityComponent.swift in Sources */,
				DEF9A00F279A9F94009F0244 /* GameScene.swift in Sources */,
				DEDD86A627ABDF3E00BB2AB6 /* Vector.swift in Sources */,
				DEF9A009279A9F94009F0244 /* AppDelegate.swift in Sources */,
				DE8DDA1527DF8EB200D4E92B /* WorldUpdateable.swift in Sources */,
				DE7D428927D9388800BD1A30 /* Map.swift in Sources */,
				DE7D428B27D9402200BD1A30 /* World.swift in Sources */,
				DE7D428D27D942F000BD1A30 /* MSEntity.swift in Sources */,
				DEF9A03A279AA0E5009F0244 /* SKonsole.swift in Sources */,
			);
			runOnlyForDeploymentPostprocessing = 0;
		};
		DEF9A018279A9F96009F0244 /* Sources */ = {
			isa = PBXSourcesBuildPhase;
			buildActionMask = 2147483647;
			files = (
				DEF9A021279A9F96009F0244 /* MiniStealthTests.swift in Sources */,
			);
			runOnlyForDeploymentPostprocessing = 0;
		};
		DEF9A022279A9F96009F0244 /* Sources */ = {
			isa = PBXSourcesBuildPhase;
			buildActionMask = 2147483647;
			files = (
				DEF9A02B279A9F96009F0244 /* MiniStealthUITests.swift in Sources */,
				DEF9A02D279A9F96009F0244 /* MiniStealthUITestsLaunchTests.swift in Sources */,
			);
			runOnlyForDeploymentPostprocessing = 0;
		};
/* End PBXSourcesBuildPhase section */

/* Begin PBXTargetDependency section */
		DEF9A01E279A9F96009F0244 /* PBXTargetDependency */ = {
			isa = PBXTargetDependency;
			target = DEF9A004279A9F94009F0244 /* MiniStealth */;
			targetProxy = DEF9A01D279A9F96009F0244 /* PBXContainerItemProxy */;
		};
		DEF9A028279A9F96009F0244 /* PBXTargetDependency */ = {
			isa = PBXTargetDependency;
			target = DEF9A004279A9F94009F0244 /* MiniStealth */;
			targetProxy = DEF9A027279A9F96009F0244 /* PBXContainerItemProxy */;
		};
/* End PBXTargetDependency section */

/* Begin PBXVariantGroup section */
		DEF9A014279A9F96009F0244 /* Main.storyboard */ = {
			isa = PBXVariantGroup;
			children = (
				DEF9A015279A9F96009F0244 /* Base */,
			);
			name = Main.storyboard;
			sourceTree = "<group>";
		};
/* End PBXVariantGroup section */

/* Begin XCBuildConfiguration section */
		DEF9A02E279A9F96009F0244 /* Debug */ = {
			isa = XCBuildConfiguration;
			buildSettings = {
				ALWAYS_SEARCH_USER_PATHS = NO;
				CLANG_ANALYZER_NONNULL = YES;
				CLANG_ANALYZER_NUMBER_OBJECT_CONVERSION = YES_AGGRESSIVE;
				CLANG_CXX_LANGUAGE_STANDARD = "gnu++17";
				CLANG_CXX_LIBRARY = "libc++";
				CLANG_ENABLE_MODULES = YES;
				CLANG_ENABLE_OBJC_ARC = YES;
				CLANG_ENABLE_OBJC_WEAK = YES;
				CLANG_WARN_BLOCK_CAPTURE_AUTORELEASING = YES;
				CLANG_WARN_BOOL_CONVERSION = YES;
				CLANG_WARN_COMMA = YES;
				CLANG_WARN_CONSTANT_CONVERSION = YES;
				CLANG_WARN_DEPRECATED_OBJC_IMPLEMENTATIONS = YES;
				CLANG_WARN_DIRECT_OBJC_ISA_USAGE = YES_ERROR;
				CLANG_WARN_DOCUMENTATION_COMMENTS = YES;
				CLANG_WARN_EMPTY_BODY = YES;
				CLANG_WARN_ENUM_CONVERSION = YES;
				CLANG_WARN_INFINITE_RECURSION = YES;
				CLANG_WARN_INT_CONVERSION = YES;
				CLANG_WARN_NON_LITERAL_NULL_CONVERSION = YES;
				CLANG_WARN_OBJC_IMPLICIT_RETAIN_SELF = YES;
				CLANG_WARN_OBJC_LITERAL_CONVERSION = YES;
				CLANG_WARN_OBJC_ROOT_CLASS = YES_ERROR;
				CLANG_WARN_QUOTED_INCLUDE_IN_FRAMEWORK_HEADER = YES;
				CLANG_WARN_RANGE_LOOP_ANALYSIS = YES;
				CLANG_WARN_STRICT_PROTOTYPES = YES;
				CLANG_WARN_SUSPICIOUS_MOVE = YES;
				CLANG_WARN_UNGUARDED_AVAILABILITY = YES_AGGRESSIVE;
				CLANG_WARN_UNREACHABLE_CODE = YES;
				CLANG_WARN__DUPLICATE_METHOD_MATCH = YES;
				COPY_PHASE_STRIP = NO;
				DEBUG_INFORMATION_FORMAT = dwarf;
				ENABLE_STRICT_OBJC_MSGSEND = YES;
				ENABLE_TESTABILITY = YES;
				GCC_C_LANGUAGE_STANDARD = gnu11;
				GCC_DYNAMIC_NO_PIC = NO;
				GCC_NO_COMMON_BLOCKS = YES;
				GCC_OPTIMIZATION_LEVEL = 0;
				GCC_PREPROCESSOR_DEFINITIONS = (
					"DEBUG=1",
					"$(inherited)",
				);
				GCC_WARN_64_TO_32_BIT_CONVERSION = YES;
				GCC_WARN_ABOUT_RETURN_TYPE = YES_ERROR;
				GCC_WARN_UNDECLARED_SELECTOR = YES;
				GCC_WARN_UNINITIALIZED_AUTOS = YES_AGGRESSIVE;
				GCC_WARN_UNUSED_FUNCTION = YES;
				GCC_WARN_UNUSED_VARIABLE = YES;
				MACOSX_DEPLOYMENT_TARGET = 12.1;
				MTL_ENABLE_DEBUG_INFO = INCLUDE_SOURCE;
				MTL_FAST_MATH = YES;
				ONLY_ACTIVE_ARCH = YES;
				SDKROOT = macosx;
				SWIFT_ACTIVE_COMPILATION_CONDITIONS = DEBUG;
				SWIFT_OPTIMIZATION_LEVEL = "-Onone";
			};
			name = Debug;
		};
		DEF9A02F279A9F96009F0244 /* Release */ = {
			isa = XCBuildConfiguration;
			buildSettings = {
				ALWAYS_SEARCH_USER_PATHS = NO;
				CLANG_ANALYZER_NONNULL = YES;
				CLANG_ANALYZER_NUMBER_OBJECT_CONVERSION = YES_AGGRESSIVE;
				CLANG_CXX_LANGUAGE_STANDARD = "gnu++17";
				CLANG_CXX_LIBRARY = "libc++";
				CLANG_ENABLE_MODULES = YES;
				CLANG_ENABLE_OBJC_ARC = YES;
				CLANG_ENABLE_OBJC_WEAK = YES;
				CLANG_WARN_BLOCK_CAPTURE_AUTORELEASING = YES;
				CLANG_WARN_BOOL_CONVERSION = YES;
				CLANG_WARN_COMMA = YES;
				CLANG_WARN_CONSTANT_CONVERSION = YES;
				CLANG_WARN_DEPRECATED_OBJC_IMPLEMENTATIONS = YES;
				CLANG_WARN_DIRECT_OBJC_ISA_USAGE = YES_ERROR;
				CLANG_WARN_DOCUMENTATION_COMMENTS = YES;
				CLANG_WARN_EMPTY_BODY = YES;
				CLANG_WARN_ENUM_CONVERSION = YES;
				CLANG_WARN_INFINITE_RECURSION = YES;
				CLANG_WARN_INT_CONVERSION = YES;
				CLANG_WARN_NON_LITERAL_NULL_CONVERSION = YES;
				CLANG_WARN_OBJC_IMPLICIT_RETAIN_SELF = YES;
				CLANG_WARN_OBJC_LITERAL_CONVERSION = YES;
				CLANG_WARN_OBJC_ROOT_CLASS = YES_ERROR;
				CLANG_WARN_QUOTED_INCLUDE_IN_FRAMEWORK_HEADER = YES;
				CLANG_WARN_RANGE_LOOP_ANALYSIS = YES;
				CLANG_WARN_STRICT_PROTOTYPES = YES;
				CLANG_WARN_SUSPICIOUS_MOVE = YES;
				CLANG_WARN_UNGUARDED_AVAILABILITY = YES_AGGRESSIVE;
				CLANG_WARN_UNREACHABLE_CODE = YES;
				CLANG_WARN__DUPLICATE_METHOD_MATCH = YES;
				COPY_PHASE_STRIP = NO;
				DEBUG_INFORMATION_FORMAT = "dwarf-with-dsym";
				ENABLE_NS_ASSERTIONS = NO;
				ENABLE_STRICT_OBJC_MSGSEND = YES;
				GCC_C_LANGUAGE_STANDARD = gnu11;
				GCC_NO_COMMON_BLOCKS = YES;
				GCC_WARN_64_TO_32_BIT_CONVERSION = YES;
				GCC_WARN_ABOUT_RETURN_TYPE = YES_ERROR;
				GCC_WARN_UNDECLARED_SELECTOR = YES;
				GCC_WARN_UNINITIALIZED_AUTOS = YES_AGGRESSIVE;
				GCC_WARN_UNUSED_FUNCTION = YES;
				GCC_WARN_UNUSED_VARIABLE = YES;
				MACOSX_DEPLOYMENT_TARGET = 12.1;
				MTL_ENABLE_DEBUG_INFO = NO;
				MTL_FAST_MATH = YES;
				SDKROOT = macosx;
				SWIFT_COMPILATION_MODE = wholemodule;
				SWIFT_OPTIMIZATION_LEVEL = "-O";
			};
			name = Release;
		};
		DEF9A031279A9F96009F0244 /* Debug */ = {
			isa = XCBuildConfiguration;
			buildSettings = {
				ASSETCATALOG_COMPILER_APPICON_NAME = AppIcon;
				ASSETCATALOG_COMPILER_GLOBAL_ACCENT_COLOR_NAME = AccentColor;
				CODE_SIGN_ENTITLEMENTS = MiniStealth/MiniStealth.entitlements;
				CODE_SIGN_STYLE = Automatic;
				COMBINE_HIDPI_IMAGES = YES;
				CURRENT_PROJECT_VERSION = 1;
				DEVELOPMENT_TEAM = ZXW8GTM6FG;
				ENABLE_HARDENED_RUNTIME = YES;
				GENERATE_INFOPLIST_FILE = YES;
				INFOPLIST_KEY_NSHumanReadableCopyright = "";
				INFOPLIST_KEY_NSMainStoryboardFile = Main;
				INFOPLIST_KEY_NSPrincipalClass = NSApplication;
				LD_RUNPATH_SEARCH_PATHS = (
					"$(inherited)",
					"@executable_path/../Frameworks",
				);
				MARKETING_VERSION = 1.0;
				PRODUCT_BUNDLE_IDENTIFIER = eu.thedreamweb.MiniStealth;
				PRODUCT_NAME = "$(TARGET_NAME)";
				SWIFT_EMIT_LOC_STRINGS = YES;
				SWIFT_VERSION = 5.0;
			};
			name = Debug;
		};
		DEF9A032279A9F96009F0244 /* Release */ = {
			isa = XCBuildConfiguration;
			buildSettings = {
				ASSETCATALOG_COMPILER_APPICON_NAME = AppIcon;
				ASSETCATALOG_COMPILER_GLOBAL_ACCENT_COLOR_NAME = AccentColor;
				CODE_SIGN_ENTITLEMENTS = MiniStealth/MiniStealth.entitlements;
				CODE_SIGN_STYLE = Automatic;
				COMBINE_HIDPI_IMAGES = YES;
				CURRENT_PROJECT_VERSION = 1;
				DEVELOPMENT_TEAM = ZXW8GTM6FG;
				ENABLE_HARDENED_RUNTIME = YES;
				GENERATE_INFOPLIST_FILE = YES;
				INFOPLIST_KEY_NSHumanReadableCopyright = "";
				INFOPLIST_KEY_NSMainStoryboardFile = Main;
				INFOPLIST_KEY_NSPrincipalClass = NSApplication;
				LD_RUNPATH_SEARCH_PATHS = (
					"$(inherited)",
					"@executable_path/../Frameworks",
				);
				MARKETING_VERSION = 1.0;
				PRODUCT_BUNDLE_IDENTIFIER = eu.thedreamweb.MiniStealth;
				PRODUCT_NAME = "$(TARGET_NAME)";
				SWIFT_EMIT_LOC_STRINGS = YES;
				SWIFT_VERSION = 5.0;
			};
			name = Release;
		};
		DEF9A034279A9F96009F0244 /* Debug */ = {
			isa = XCBuildConfiguration;
			buildSettings = {
				ALWAYS_EMBED_SWIFT_STANDARD_LIBRARIES = YES;
				BUNDLE_LOADER = "$(TEST_HOST)";
				CODE_SIGN_STYLE = Automatic;
				CURRENT_PROJECT_VERSION = 1;
				DEVELOPMENT_TEAM = ZXW8GTM6FG;
				GENERATE_INFOPLIST_FILE = YES;
				MACOSX_DEPLOYMENT_TARGET = 12.1;
				MARKETING_VERSION = 1.0;
				PRODUCT_BUNDLE_IDENTIFIER = eu.thedreamweb.MiniStealthTests;
				PRODUCT_NAME = "$(TARGET_NAME)";
				SWIFT_EMIT_LOC_STRINGS = NO;
				SWIFT_VERSION = 5.0;
				TEST_HOST = "$(BUILT_PRODUCTS_DIR)/MiniStealth.app/Contents/MacOS/MiniStealth";
			};
			name = Debug;
		};
		DEF9A035279A9F96009F0244 /* Release */ = {
			isa = XCBuildConfiguration;
			buildSettings = {
				ALWAYS_EMBED_SWIFT_STANDARD_LIBRARIES = YES;
				BUNDLE_LOADER = "$(TEST_HOST)";
				CODE_SIGN_STYLE = Automatic;
				CURRENT_PROJECT_VERSION = 1;
				DEVELOPMENT_TEAM = ZXW8GTM6FG;
				GENERATE_INFOPLIST_FILE = YES;
				MACOSX_DEPLOYMENT_TARGET = 12.1;
				MARKETING_VERSION = 1.0;
				PRODUCT_BUNDLE_IDENTIFIER = eu.thedreamweb.MiniStealthTests;
				PRODUCT_NAME = "$(TARGET_NAME)";
				SWIFT_EMIT_LOC_STRINGS = NO;
				SWIFT_VERSION = 5.0;
				TEST_HOST = "$(BUILT_PRODUCTS_DIR)/MiniStealth.app/Contents/MacOS/MiniStealth";
			};
			name = Release;
		};
		DEF9A037279A9F96009F0244 /* Debug */ = {
			isa = XCBuildConfiguration;
			buildSettings = {
				ALWAYS_EMBED_SWIFT_STANDARD_LIBRARIES = YES;
				CODE_SIGN_STYLE = Automatic;
				CURRENT_PROJECT_VERSION = 1;
				DEVELOPMENT_TEAM = ZXW8GTM6FG;
				GENERATE_INFOPLIST_FILE = YES;
				MARKETING_VERSION = 1.0;
				PRODUCT_BUNDLE_IDENTIFIER = eu.thedreamweb.MiniStealthUITests;
				PRODUCT_NAME = "$(TARGET_NAME)";
				SWIFT_EMIT_LOC_STRINGS = NO;
				SWIFT_VERSION = 5.0;
				TEST_TARGET_NAME = MiniStealth;
			};
			name = Debug;
		};
		DEF9A038279A9F96009F0244 /* Release */ = {
			isa = XCBuildConfiguration;
			buildSettings = {
				ALWAYS_EMBED_SWIFT_STANDARD_LIBRARIES = YES;
				CODE_SIGN_STYLE = Automatic;
				CURRENT_PROJECT_VERSION = 1;
				DEVELOPMENT_TEAM = ZXW8GTM6FG;
				GENERATE_INFOPLIST_FILE = YES;
				MARKETING_VERSION = 1.0;
				PRODUCT_BUNDLE_IDENTIFIER = eu.thedreamweb.MiniStealthUITests;
				PRODUCT_NAME = "$(TARGET_NAME)";
				SWIFT_EMIT_LOC_STRINGS = NO;
				SWIFT_VERSION = 5.0;
				TEST_TARGET_NAME = MiniStealth;
			};
			name = Release;
		};
/* End XCBuildConfiguration section */

/* Begin XCConfigurationList section */
		DEF9A000279A9F94009F0244 /* Build configuration list for PBXProject "MiniStealth" */ = {
			isa = XCConfigurationList;
			buildConfigurations = (
				DEF9A02E279A9F96009F0244 /* Debug */,
				DEF9A02F279A9F96009F0244 /* Release */,
			);
			defaultConfigurationIsVisible = 0;
			defaultConfigurationName = Release;
		};
		DEF9A030279A9F96009F0244 /* Build configuration list for PBXNativeTarget "MiniStealth" */ = {
			isa = XCConfigurationList;
			buildConfigurations = (
				DEF9A031279A9F96009F0244 /* Debug */,
				DEF9A032279A9F96009F0244 /* Release */,
			);
			defaultConfigurationIsVisible = 0;
			defaultConfigurationName = Release;
		};
		DEF9A033279A9F96009F0244 /* Build configuration list for PBXNativeTarget "MiniStealthTests" */ = {
			isa = XCConfigurationList;
			buildConfigurations = (
				DEF9A034279A9F96009F0244 /* Debug */,
				DEF9A035279A9F96009F0244 /* Release */,
			);
			defaultConfigurationIsVisible = 0;
			defaultConfigurationName = Release;
		};
		DEF9A036279A9F96009F0244 /* Build configuration list for PBXNativeTarget "MiniStealthUITests" */ = {
			isa = XCConfigurationList;
			buildConfigurations = (
				DEF9A037279A9F96009F0244 /* Debug */,
				DEF9A038279A9F96009F0244 /* Release */,
			);
			defaultConfigurationIsVisible = 0;
			defaultConfigurationName = Release;
		};
/* End XCConfigurationList section */
	};
	rootObject = DEF99FFD279A9F94009F0244 /* Project object */;
}
